
Microsoft Visual Studio Solution File, Format Version 12.00
# Visual Studio Version 16
VisualStudioVersion = 16.0.29326.143
MinimumVisualStudioVersion = 10.0.40219.1
Project("{FAE04EC0-301F-11D3-BF4B-00C04F79EFBC}") = "RussianRoulette", "RussianRoulette\RussianRoulette.csproj", "{C4FE61C2-6BF8-445B-97A9-D5CA861ECCCF}"
EndProject
Project("{FAE04EC0-301F-11D3-BF4B-00C04F79EFBC}") = "RRUnitTest", "RRUnitTest\RRUnitTest.csproj", "{A1551C73-6E5F-42A3-8077-DD699915DDE5}"
EndProject
Global
	GlobalSection(SolutionConfigurationPlatforms) = preSolution
		Debug|Any CPU = Debug|Any CPU
		Release|Any CPU = Release|Any CPU
	EndGlobalSection
	GlobalSection(ProjectConfigurationPlatforms) = postSolution
		{C4FE61C2-6BF8-445B-97A9-D5CA861ECCCF}.Debug|Any CPU.ActiveCfg = Debug|Any CPU
		{C4FE61C2-6BF8-445B-97A9-D5CA861ECCCF}.Debug|Any CPU.Build.0 = Debug|Any CPU
		{C4FE61C2-6BF8-445B-97A9-D5CA861ECCCF}.Release|Any CPU.ActiveCfg = Release|Any CPU
		{C4FE61C2-6BF8-445B-97A9-D5CA861ECCCF}.Release|Any CPU.Build.0 = Release|Any CPU
		{A1551C73-6E5F-42A3-8077-DD699915DDE5}.Debug|Any CPU.ActiveCfg = Debug|Any CPU
		{A1551C73-6E5F-42A3-8077-DD699915DDE5}.Debug|Any CPU.Build.0 = Debug|Any CPU
		{A1551C73-6E5F-42A3-8077-DD699915DDE5}.Release|Any CPU.ActiveCfg = Release|Any CPU
		{A1551C73-6E5F-42A3-8077-DD699915DDE5}.Release|Any CPU.Build.0 = Release|Any CPU
	EndGlobalSection
	GlobalSection(SolutionProperties) = preSolution
		HideSolutionNode = FALSE
	EndGlobalSection
	GlobalSection(ExtensibilityGlobals) = postSolution
		SolutionGuid = {2289E5B6-E3CE-4E49-A568-9842BE643ECE}
	EndGlobalSection
EndGlobal
